// !$*UTF8*$!
{
	archiveVersion = 1;
	classes = {
	};
	objectVersion = 46;
	objects = {

/* Begin PBXBuildFile section */
		99B8DEDB1DE5B0160041AF8C /* main.m in Sources */ = {isa = PBXBuildFile; fileRef = 99B8DEDA1DE5B0160041AF8C /* main.m */; };
		99B8DEEA1DE5B03F0041AF8C /* NSObject+ORM.m in Sources */ = {isa = PBXBuildFile; fileRef = 99B8DEE31DE5B03F0041AF8C /* NSObject+ORM.m */; };
		99B8DEEB1DE5B03F0041AF8C /* ORM.m in Sources */ = {isa = PBXBuildFile; fileRef = 99B8DEE51DE5B03F0041AF8C /* ORM.m */; };
		99B8DEEC1DE5B03F0041AF8C /* ORMDB.m in Sources */ = {isa = PBXBuildFile; fileRef = 99B8DEE71DE5B03F0041AF8C /* ORMDB.m */; };
		99B8DEF81DE5B0DF0041AF8C /* libsqlite3.0.tbd in Frameworks */ = {isa = PBXBuildFile; fileRef = 99B8DEF71DE5B0DF0041AF8C /* libsqlite3.0.tbd */; };
		99CF632C1EE141CE0034B457 /* ClassInfo.m in Sources */ = {isa = PBXBuildFile; fileRef = 99CF632B1EE141CE0034B457 /* ClassInfo.m */; };
		99CF632F1EE142030034B457 /* Student.m in Sources */ = {isa = PBXBuildFile; fileRef = 99CF632E1EE142030034B457 /* Student.m */; };
		99CF63321EE142A80034B457 /* Teacher.m in Sources */ = {isa = PBXBuildFile; fileRef = 99CF63311EE142A80034B457 /* Teacher.m */; };
/* End PBXBuildFile section */

/* Begin PBXCopyFilesBuildPhase section */
		99B8DED51DE5B0160041AF8C /* CopyFiles */ = {
			isa = PBXCopyFilesBuildPhase;
			buildActionMask = 2147483647;
			dstPath = /usr/share/man/man1/;
			dstSubfolderSpec = 0;
			files = (
			);
			runOnlyForDeploymentPostprocessing = 1;
		};
/* End PBXCopyFilesBuildPhase section */

/* Begin PBXFileReference section */
		99B8DED71DE5B0160041AF8C /* ORMDB */ = {isa = PBXFileReference; explicitFileType = "compiled.mach-o.executable"; includeInIndex = 0; path = ORMDB; sourceTree = BUILT_PRODUCTS_DIR; };
		99B8DEDA1DE5B0160041AF8C /* main.m */ = {isa = PBXFileReference; lastKnownFileType = sourcecode.c.objc; path = main.m; sourceTree = "<group>"; };
		99B8DEE21DE5B03F0041AF8C /* NSObject+ORM.h */ = {isa = PBXFileReference; fileEncoding = 4; lastKnownFileType = sourcecode.c.h; path = "NSObject+ORM.h"; sourceTree = "<group>"; };
		99B8DEE31DE5B03F0041AF8C /* NSObject+ORM.m */ = {isa = PBXFileReference; fileEncoding = 4; lastKnownFileType = sourcecode.c.objc; path = "NSObject+ORM.m"; sourceTree = "<group>"; };
		99B8DEE41DE5B03F0041AF8C /* ORM.h */ = {isa = PBXFileReference; fileEncoding = 4; lastKnownFileType = sourcecode.c.h; path = ORM.h; sourceTree = "<group>"; };
		99B8DEE51DE5B03F0041AF8C /* ORM.m */ = {isa = PBXFileReference; fileEncoding = 4; lastKnownFileType = sourcecode.c.objc; path = ORM.m; sourceTree = "<group>"; };
		99B8DEE61DE5B03F0041AF8C /* ORMDB.h */ = {isa = PBXFileReference; fileEncoding = 4; lastKnownFileType = sourcecode.c.h; path = ORMDB.h; sourceTree = "<group>"; };
		99B8DEE71DE5B03F0041AF8C /* ORMDB.m */ = {isa = PBXFileReference; fileEncoding = 4; lastKnownFileType = sourcecode.c.objc; path = ORMDB.m; sourceTree = "<group>"; };
		99B8DEF71DE5B0DF0041AF8C /* libsqlite3.0.tbd */ = {isa = PBXFileReference; lastKnownFileType = "sourcecode.text-based-dylib-definition"; name = libsqlite3.0.tbd; path = usr/lib/libsqlite3.0.tbd; sourceTree = SDKROOT; };
		99CF632A1EE141CE0034B457 /* ClassInfo.h */ = {isa = PBXFileReference; fileEncoding = 4; lastKnownFileType = sourcecode.c.h; path = ClassInfo.h; sourceTree = "<group>"; };
		99CF632B1EE141CE0034B457 /* ClassInfo.m */ = {isa = PBXFileReference; fileEncoding = 4; lastKnownFileType = sourcecode.c.objc; path = ClassInfo.m; sourceTree = "<group>"; };
		99CF632D1EE142030034B457 /* Student.h */ = {isa = PBXFileReference; fileEncoding = 4; lastKnownFileType = sourcecode.c.h; path = Student.h; sourceTree = "<group>"; };
		99CF632E1EE142030034B457 /* Student.m */ = {isa = PBXFileReference; fileEncoding = 4; lastKnownFileType = sourcecode.c.objc; path = Student.m; sourceTree = "<group>"; };
		99CF63301EE142A80034B457 /* Teacher.h */ = {isa = PBXFileReference; fileEncoding = 4; lastKnownFileType = sourcecode.c.h; path = Teacher.h; sourceTree = "<group>"; };
		99CF63311EE142A80034B457 /* Teacher.m */ = {isa = PBXFileReference; fileEncoding = 4; lastKnownFileType = sourcecode.c.objc; path = Teacher.m; sourceTree = "<group>"; };
/* End PBXFileReference section */

/* Begin PBXFrameworksBuildPhase section */
		99B8DED41DE5B0160041AF8C /* Frameworks */ = {
			isa = PBXFrameworksBuildPhase;
			buildActionMask = 2147483647;
			files = (
				99B8DEF81DE5B0DF0041AF8C /* libsqlite3.0.tbd in Frameworks */,
			);
			runOnlyForDeploymentPostprocessing = 0;
		};
/* End PBXFrameworksBuildPhase section */

/* Begin PBXGroup section */
		99B8DECE1DE5B0160041AF8C = {
			isa = PBXGroup;
			children = (
				99B8DEF71DE5B0DF0041AF8C /* libsqlite3.0.tbd */,
				99B8DEE11DE5B0300041AF8C /* ORM */,
				99B8DED91DE5B0160041AF8C /* ORMDB */,
				99B8DED81DE5B0160041AF8C /* Products */,
			);
			sourceTree = "<group>";
		};
		99B8DED81DE5B0160041AF8C /* Products */ = {
			isa = PBXGroup;
			children = (
				99B8DED71DE5B0160041AF8C /* ORMDB */,
			);
			name = Products;
			sourceTree = "<group>";
		};
		99B8DED91DE5B0160041AF8C /* ORMDB */ = {
			isa = PBXGroup;
			children = (
				99B8DEDA1DE5B0160041AF8C /* main.m */,
				99CF632A1EE141CE0034B457 /* ClassInfo.h */,
				99CF632B1EE141CE0034B457 /* ClassInfo.m */,
				99CF632D1EE142030034B457 /* Student.h */,
				99CF632E1EE142030034B457 /* Student.m */,
				99CF63301EE142A80034B457 /* Teacher.h */,
				99CF63311EE142A80034B457 /* Teacher.m */,
			);
			path = ORMDB;
			sourceTree = "<group>";
		};
		99B8DEE11DE5B0300041AF8C /* ORM */ = {
			isa = PBXGroup;
			children = (
				99B8DEE21DE5B03F0041AF8C /* NSObject+ORM.h */,
				99B8DEE31DE5B03F0041AF8C /* NSObject+ORM.m */,
				99B8DEE41DE5B03F0041AF8C /* ORM.h */,
				99B8DEE51DE5B03F0041AF8C /* ORM.m */,
				99B8DEE61DE5B03F0041AF8C /* ORMDB.h */,
				99B8DEE71DE5B03F0041AF8C /* ORMDB.m */,
			);
			path = ORM;
			sourceTree = "<group>";
		};
/* End PBXGroup section */

/* Begin PBXNativeTarget section */
		99B8DED61DE5B0160041AF8C /* ORMDB */ = {
			isa = PBXNativeTarget;
			buildConfigurationList = 99B8DEDE1DE5B0160041AF8C /* Build configuration list for PBXNativeTarget "ORMDB" */;
			buildPhases = (
				99B8DED31DE5B0160041AF8C /* Sources */,
				99B8DED41DE5B0160041AF8C /* Frameworks */,
				99B8DED51DE5B0160041AF8C /* CopyFiles */,
			);
			buildRules = (
			);
			dependencies = (
			);
			name = ORMDB;
			productName = ORMDB;
			productReference = 99B8DED71DE5B0160041AF8C /* ORMDB */;
			productType = "com.apple.product-type.tool";
		};
/* End PBXNativeTarget section */

/* Begin PBXProject section */
		99B8DECF1DE5B0160041AF8C /* Project object */ = {
			isa = PBXProject;
			attributes = {
				LastUpgradeCheck = 0730;
				ORGANIZATIONNAME = PengLinmao;
				TargetAttributes = {
					99B8DED61DE5B0160041AF8C = {
						CreatedOnToolsVersion = 7.3.1;
					};
				};
			};
			buildConfigurationList = 99B8DED21DE5B0160041AF8C /* Build configuration list for PBXProject "ORMDB" */;
			compatibilityVersion = "Xcode 3.2";
			developmentRegion = English;
			hasScannedForEncodings = 0;
			knownRegions = (
				en,
			);
			mainGroup = 99B8DECE1DE5B0160041AF8C;
			productRefGroup = 99B8DED81DE5B0160041AF8C /* Products */;
			projectDirPath = "";
			projectRoot = "";
			targets = (
				99B8DED61DE5B0160041AF8C /* ORMDB */,
			);
		};
/* End PBXProject section */

/* Begin PBXSourcesBuildPhase section */
		99B8DED31DE5B0160041AF8C /* Sources */ = {
			isa = PBXSourcesBuildPhase;
			buildActionMask = 2147483647;
			files = (
				99CF632C1EE141CE0034B457 /* ClassInfo.m in Sources */,
				99CF63321EE142A80034B457 /* Teacher.m in Sources */,
				99B8DEEB1DE5B03F0041AF8C /* ORM.m in Sources */,
				99B8DEEA1DE5B03F0041AF8C /* NSObject+ORM.m in Sources */,
				99B8DEEC1DE5B03F0041AF8C /* ORMDB.m in Sources */,
				99B8DEDB1DE5B0160041AF8C /* main.m in Sources */,
				99CF632F1EE142030034B457 /* Student.m in Sources */,
			);
			runOnlyForDeploymentPostprocessing = 0;
		};
/* End PBXSourcesBuildPhase section */

/* Begin XCBuildConfiguration section */
		99B8DEDC1DE5B0160041AF8C /* Debug */ = {
			isa = XCBuildConfiguration;
			buildSettings = {
				ALWAYS_SEARCH_USER_PATHS = NO;
				CLANG_ANALYZER_NONNULL = YES;
				CLANG_CXX_LANGUAGE_STANDARD = "gnu++0x";
				CLANG_CXX_LIBRARY = "libc++";
				CLANG_ENABLE_MODULES = YES;
				CLANG_ENABLE_OBJC_ARC = YES;
				CLANG_WARN_BOOL_CONVERSION = YES;
				CLANG_WARN_CONSTANT_CONVERSION = YES;
				CLANG_WARN_DIRECT_OBJC_ISA_USAGE = YES_ERROR;
				CLANG_WARN_EMPTY_BODY = YES;
				CLANG_WARN_ENUM_CONVERSION = YES;
				CLANG_WARN_INT_CONVERSION = YES;
				CLANG_WARN_OBJC_ROOT_CLASS = YES_ERROR;
				CLANG_WARN_UNREACHABLE_CODE = YES;
				CLANG_WARN__DUPLICATE_METHOD_MATCH = YES;
				CODE_SIGN_IDENTITY = "-";
				COPY_PHASE_STRIP = NO;
				DEBUG_INFORMATION_FORMAT = dwarf;
				ENABLE_STRICT_OBJC_MSGSEND = YES;
				ENABLE_TESTABILITY = YES;
				GCC_C_LANGUAGE_STANDARD = gnu99;
				GCC_DYNAMIC_NO_PIC = NO;
				GCC_NO_COMMON_BLOCKS = YES;
				GCC_OPTIMIZATION_LEVEL = 0;
				GCC_PREPROCESSOR_DEFINITIONS = (
					"DEBUG=1",
					"$(inherited)",
				);
				GCC_WARN_64_TO_32_BIT_CONVERSION = YES;
				GCC_WARN_ABOUT_RETURN_TYPE = YES_ERROR;
				GCC_WARN_UNDECLARED_SELECTOR = YES;
				GCC_WARN_UNINITIALIZED_AUTOS = YES_AGGRESSIVE;
				GCC_WARN_UNUSED_FUNCTION = YES;
				GCC_WARN_UNUSED_VARIABLE = YES;
				MACOSX_DEPLOYMENT_TARGET = 10.11;
				MTL_ENABLE_DEBUG_INFO = YES;
				ONLY_ACTIVE_ARCH = YES;
				SDKROOT = macosx;
			};
			name = Debug;
		};
		99B8DEDD1DE5B0160041AF8C /* Release */ = {
			isa = XCBuildConfiguration;
			buildSettings = {
				ALWAYS_SEARCH_USER_PATHS = NO;
				CLANG_ANALYZER_NONNULL = YES;
				CLANG_CXX_LANGUAGE_STANDARD = "gnu++0x";
				CLANG_CXX_LIBRARY = "libc++";
				CLANG_ENABLE_MODULES = YES;
				CLANG_ENABLE_OBJC_ARC = YES;
				CLANG_WARN_BOOL_CONVERSION = YES;
				CLANG_WARN_CONSTANT_CONVERSION = YES;
				CLANG_WARN_DIRECT_OBJC_ISA_USAGE = YES_ERROR;
				CLANG_WARN_EMPTY_BODY = YES;
				CLANG_WARN_ENUM_CONVERSION = YES;
				CLANG_WARN_INT_CONVERSION = YES;
				CLANG_WARN_OBJC_ROOT_CLASS = YES_ERROR;
				CLANG_WARN_UNREACHABLE_CODE = YES;
				CLANG_WARN__DUPLICATE_METHOD_MATCH = YES;
				CODE_SIGN_IDENTITY = "-";
				COPY_PHASE_STRIP = NO;
				DEBUG_INFORMATION_FORMAT = "dwarf-with-dsym";
				ENABLE_NS_ASSERTIONS = NO;
				ENABLE_STRICT_OBJC_MSGSEND = YES;
				GCC_C_LANGUAGE_STANDARD = gnu99;
				GCC_NO_COMMON_BLOCKS = YES;
				GCC_WARN_64_TO_32_BIT_CONVERSION = YES;
				GCC_WARN_ABOUT_RETURN_TYPE = YES_ERROR;
				GCC_WARN_UNDECLARED_SELECTOR = YES;
				GCC_WARN_UNINITIALIZED_AUTOS = YES_AGGRESSIVE;
				GCC_WARN_UNUSED_FUNCTION = YES;
				GCC_WARN_UNUSED_VARIABLE = YES;
				MACOSX_DEPLOYMENT_TARGET = 10.11;
				MTL_ENABLE_DEBUG_INFO = NO;
				SDKROOT = macosx;
			};
			name = Release;
		};
		99B8DEDF1DE5B0160041AF8C /* Debug */ = {
			isa = XCBuildConfiguration;
			buildSettings = {
				PRODUCT_NAME = "$(TARGET_NAME)";
			};
			name = Debug;
		};
		99B8DEE01DE5B0160041AF8C /* Release */ = {
			isa = XCBuildConfiguration;
			buildSettings = {
				PRODUCT_NAME = "$(TARGET_NAME)";
			};
			name = Release;
		};
/* End XCBuildConfiguration section */

/* Begin XCConfigurationList section */
		99B8DED21DE5B0160041AF8C /* Build configuration list for PBXProject "ORMDB" */ = {
			isa = XCConfigurationList;
			buildConfigurations = (
				99B8DEDC1DE5B0160041AF8C /* Debug */,
				99B8DEDD1DE5B0160041AF8C /* Release */,
			);
			defaultConfigurationIsVisible = 0;
			defaultConfigurationName = Release;
		};
		99B8DEDE1DE5B0160041AF8C /* Build configuration list for PBXNativeTarget "ORMDB" */ = {
			isa = XCConfigurationList;
			buildConfigurations = (
				99B8DEDF1DE5B0160041AF8C /* Debug */,
				99B8DEE01DE5B0160041AF8C /* Release */,
			);
			defaultConfigurationIsVisible = 0;
			defaultConfigurationName = Release;
		};
/* End XCConfigurationList section */
	};
	rootObject = 99B8DECF1DE5B0160041AF8C /* Project object */;
}
